
Microsoft Visual Studio Solution File, Format Version 12.00
# Visual Studio 2013
VisualStudioVersion = 12.0.31101.0
MinimumVisualStudioVersion = 10.0.40219.1
Project("{FAE04EC0-301F-11D3-BF4B-00C04F79EFBC}") = "Client", "Client\Client.csproj", "{72E97326-035A-4521-B427-AC11D0697CEA}"
EndProject
Project("{FAE04EC0-301F-11D3-BF4B-00C04F79EFBC}") = "Service", "Service\Service.csproj", "{D1DE3307-DD78-4409-B3A3-079F5BC72CF8}"
EndProject
Project("{FAE04EC0-301F-11D3-BF4B-00C04F79EFBC}") = "Contract", "Contract\Contract.csproj", "{9F2EC48A-9F71-4886-AC32-ADF4F8F636F2}"
EndProject
Project("{FAE04EC0-301F-11D3-BF4B-00C04F79EFBC}") = "ServiceModelEx", "ServiceModelEx\ServiceModelEx.csproj", "{8CA008EB-4C74-41DC-A325-83741670F167}"
EndProject
Project("{FAE04EC0-301F-11D3-BF4B-00C04F79EFBC}") = "Client.Programmatic", "Client.Programmatic\Client.Programmatic.csproj", "{E612DEFA-3A63-4DCA-B8D2-72301D1BB4C5}"
EndProject
Global
	GlobalSection(SolutionConfigurationPlatforms) = preSolution
		Debug|Any CPU = Debug|Any CPU
		Release|Any CPU = Release|Any CPU
	EndGlobalSection
	GlobalSection(ProjectConfigurationPlatforms) = postSolution
		{72E97326-035A-4521-B427-AC11D0697CEA}.Debug|Any CPU.ActiveCfg = Debug|Any CPU
		{72E97326-035A-4521-B427-AC11D0697CEA}.Debug|Any CPU.Build.0 = Debug|Any CPU
		{72E97326-035A-4521-B427-AC11D0697CEA}.Release|Any CPU.ActiveCfg = Release|Any CPU
		{72E97326-035A-4521-B427-AC11D0697CEA}.Release|Any CPU.Build.0 = Release|Any CPU
		{D1DE3307-DD78-4409-B3A3-079F5BC72CF8}.Debug|Any CPU.ActiveCfg = Debug|Any CPU
		{D1DE3307-DD78-4409-B3A3-079F5BC72CF8}.Debug|Any CPU.Build.0 = Debug|Any CPU
		{D1DE3307-DD78-4409-B3A3-079F5BC72CF8}.Release|Any CPU.ActiveCfg = Release|Any CPU
		{D1DE3307-DD78-4409-B3A3-079F5BC72CF8}.Release|Any CPU.Build.0 = Release|Any CPU
		{9F2EC48A-9F71-4886-AC32-ADF4F8F636F2}.Debug|Any CPU.ActiveCfg = Debug|Any CPU
		{9F2EC48A-9F71-4886-AC32-ADF4F8F636F2}.Debug|Any CPU.Build.0 = Debug|Any CPU
		{9F2EC48A-9F71-4886-AC32-ADF4F8F636F2}.Release|Any CPU.ActiveCfg = Release|Any CPU
		{9F2EC48A-9F71-4886-AC32-ADF4F8F636F2}.Release|Any CPU.Build.0 = Release|Any CPU
		{8CA008EB-4C74-41DC-A325-83741670F167}.Debug|Any CPU.ActiveCfg = Debug|Any CPU
		{8CA008EB-4C74-41DC-A325-83741670F167}.Debug|Any CPU.Build.0 = Debug|Any CPU
		{8CA008EB-4C74-41DC-A325-83741670F167}.Release|Any CPU.ActiveCfg = Release|Any CPU
		{8CA008EB-4C74-41DC-A325-83741670F167}.Release|Any CPU.Build.0 = Release|Any CPU
		{E612DEFA-3A63-4DCA-B8D2-72301D1BB4C5}.Debug|Any CPU.ActiveCfg = Debug|Any CPU
		{E612DEFA-3A63-4DCA-B8D2-72301D1BB4C5}.Debug|Any CPU.Build.0 = Debug|Any CPU
		{E612DEFA-3A63-4DCA-B8D2-72301D1BB4C5}.Release|Any CPU.ActiveCfg = Release|Any CPU
		{E612DEFA-3A63-4DCA-B8D2-72301D1BB4C5}.Release|Any CPU.Build.0 = Release|Any CPU
	EndGlobalSection
	GlobalSection(SolutionProperties) = preSolution
		HideSolutionNode = FALSE
	EndGlobalSection
EndGlobal
